
Microsoft Visual Studio Solution File, Format Version 12.00
# Visual Studio Version 17
VisualStudioVersion = 17.2.32602.215
MinimumVisualStudioVersion = 10.0.40219.1
Project("{FAE04EC0-301F-11D3-BF4B-00C04F79EFBC}") = "2-CriandoVariaveis", "2-CriandoVariaveis.csproj", "{EC6B60C3-FFC5-45E2-856B-30D7E1D41264}"
EndProject
Global
	GlobalSection(SolutionConfigurationPlatforms) = preSolution
		Debug|Any CPU = Debug|Any CPU
		Release|Any CPU = Release|Any CPU
	EndGlobalSection
	GlobalSection(ProjectConfigurationPlatforms) = postSolution
		{EC6B60C3-FFC5-45E2-856B-30D7E1D41264}.Debug|Any CPU.ActiveCfg = Debug|Any CPU
		{EC6B60C3-FFC5-45E2-856B-30D7E1D41264}.Debug|Any CPU.Build.0 = Debug|Any CPU
		{EC6B60C3-FFC5-45E2-856B-30D7E1D41264}.Release|Any CPU.ActiveCfg = Release|Any CPU
		{EC6B60C3-FFC5-45E2-856B-30D7E1D41264}.Release|Any CPU.Build.0 = Release|Any CPU
	EndGlobalSection
	GlobalSection(SolutionProperties) = preSolution
		HideSolutionNode = FALSE
	EndGlobalSection
	GlobalSection(ExtensibilityGlobals) = postSolution
		SolutionGuid = {2D151C2C-0A7A-4BC0-B54C-3F957B7E3E6D}
	EndGlobalSection
EndGlobal
